
Microsoft Visual Studio Solution File, Format Version 12.00
# Visual Studio Version 16
VisualStudioVersion = 16.0.29306.81
MinimumVisualStudioVersion = 10.0.40219.1
Project("{FAE04EC0-301F-11D3-BF4B-00C04F79EFBC}") = "TodoApi", "TodoApi\TodoApi.csproj", "{1BEFF531-84D7-4AC2-9740-F3B577944323}"
EndProject
Global
	GlobalSection(SolutionConfigurationPlatforms) = preSolution
		Debug|Any CPU = Debug|Any CPU
		Release|Any CPU = Release|Any CPU
	EndGlobalSection
	GlobalSection(ProjectConfigurationPlatforms) = postSolution
		{1BEFF531-84D7-4AC2-9740-F3B577944323}.Debug|Any CPU.ActiveCfg = Debug|Any CPU
		{1BEFF531-84D7-4AC2-9740-F3B577944323}.Debug|Any CPU.Build.0 = Debug|Any CPU
		{1BEFF531-84D7-4AC2-9740-F3B577944323}.Release|Any CPU.ActiveCfg = Release|Any CPU
		{1BEFF531-84D7-4AC2-9740-F3B577944323}.Release|Any CPU.Build.0 = Release|Any CPU
	EndGlobalSection
	GlobalSection(SolutionProperties) = preSolution
		HideSolutionNode = FALSE
	EndGlobalSection
	GlobalSection(ExtensibilityGlobals) = postSolution
		SolutionGuid = {3751227F-2550-40FF-85C7-B4037C219C1D}
	EndGlobalSection
EndGlobal
